
Microsoft Visual Studio Solution File, Format Version 12.00
# Visual Studio Version 16
VisualStudioVersion = 16.0.30804.86
MinimumVisualStudioVersion = 10.0.40219.1
Project("{2150E333-8FDC-42A3-9474-1A3956D46DE8}") = "Src", "Src", "{D1F349C4-3AB9-49CC-A493-15233E5CA749}"
EndProject
Project("{2150E333-8FDC-42A3-9474-1A3956D46DE8}") = "Test", "Test", "{D143EC80-F20B-4F0C-94DD-E43C32B4520E}"
EndProject
Project("{9A19103F-16F7-4668-BE54-9A1E7A4F7556}") = "Guard.Test", "Guard.Test\Guard.Test.csproj", "{61862669-90AC-4882-8E2B-BBFFA41F71DD}"
EndProject
Project("{9A19103F-16F7-4668-BE54-9A1E7A4F7556}") = "Guard", "Guard\Guard.csproj", "{FE591F87-E214-4977-8F68-EEFE2D324D4E}"
EndProject
Global
	GlobalSection(SolutionConfigurationPlatforms) = preSolution
		Debug|Any CPU = Debug|Any CPU
		Release|Any CPU = Release|Any CPU
	EndGlobalSection
	GlobalSection(ProjectConfigurationPlatforms) = postSolution
		{61862669-90AC-4882-8E2B-BBFFA41F71DD}.Debug|Any CPU.ActiveCfg = Debug|Any CPU
		{61862669-90AC-4882-8E2B-BBFFA41F71DD}.Debug|Any CPU.Build.0 = Debug|Any CPU
		{61862669-90AC-4882-8E2B-BBFFA41F71DD}.Release|Any CPU.ActiveCfg = Release|Any CPU
		{61862669-90AC-4882-8E2B-BBFFA41F71DD}.Release|Any CPU.Build.0 = Release|Any CPU
		{FE591F87-E214-4977-8F68-EEFE2D324D4E}.Debug|Any CPU.ActiveCfg = Debug|Any CPU
		{FE591F87-E214-4977-8F68-EEFE2D324D4E}.Debug|Any CPU.Build.0 = Debug|Any CPU
		{FE591F87-E214-4977-8F68-EEFE2D324D4E}.Release|Any CPU.ActiveCfg = Release|Any CPU
		{FE591F87-E214-4977-8F68-EEFE2D324D4E}.Release|Any CPU.Build.0 = Release|Any CPU
	EndGlobalSection
	GlobalSection(SolutionProperties) = preSolution
		HideSolutionNode = FALSE
	EndGlobalSection
	GlobalSection(NestedProjects) = preSolution
		{61862669-90AC-4882-8E2B-BBFFA41F71DD} = {D143EC80-F20B-4F0C-94DD-E43C32B4520E}
		{FE591F87-E214-4977-8F68-EEFE2D324D4E} = {D1F349C4-3AB9-49CC-A493-15233E5CA749}
	EndGlobalSection
	GlobalSection(ExtensibilityGlobals) = postSolution
		SolutionGuid = {1CC98240-9770-4BF9-8100-F2FC86AEBF48}
	EndGlobalSection
EndGlobal
